
Microsoft Visual Studio Solution File, Format Version 12.00
# Visual Studio Version 17
VisualStudioVersion = 17.11.35222.181
MinimumVisualStudioVersion = 10.0.40219.1
Project("{FAE04EC0-301F-11D3-BF4B-00C04F79EFBC}") = "server", "server.csproj", "{04FD81F5-A191-437B-A919-AE3D44ADD096}"
EndProject
Global
	GlobalSection(SolutionConfigurationPlatforms) = preSolution
		Debug|Any CPU = Debug|Any CPU
		Release|Any CPU = Release|Any CPU
	EndGlobalSection
	GlobalSection(ProjectConfigurationPlatforms) = postSolution
		{04FD81F5-A191-437B-A919-AE3D44ADD096}.Debug|Any CPU.ActiveCfg = Debug|Any CPU
		{04FD81F5-A191-437B-A919-AE3D44ADD096}.Debug|Any CPU.Build.0 = Debug|Any CPU
		{04FD81F5-A191-437B-A919-AE3D44ADD096}.Release|Any CPU.ActiveCfg = Release|Any CPU
		{04FD81F5-A191-437B-A919-AE3D44ADD096}.Release|Any CPU.Build.0 = Release|Any CPU
	EndGlobalSection
	GlobalSection(SolutionProperties) = preSolution
		HideSolutionNode = FALSE
	EndGlobalSection
	GlobalSection(ExtensibilityGlobals) = postSolution
		SolutionGuid = {574DEBF6-0988-4166-A35B-153D33FE1166}
	EndGlobalSection
EndGlobal
